# This file was autogenerated by Stack.
# You should not edit this file by hand.
# For more information, please see the documentation at:
#   https://docs.haskellstack.org/en/stable/lock_files

packages:
- completed:
    hackage: liquidhaskell-cabal-0.2.1.0@sha256:74f9916eda1569d5d4a73c467b7a02895bf625ee9361829175bf89c121a3e630,1372
    pantry-tree:
      size: 231
      sha256: 9bf935ceff28861c5634012fb6b2775088f1fc460fa5c3c7b7c1c81832303ffa
  original:
    hackage: liquidhaskell-cabal-0.2.1.0@sha256:74f9916eda1569d5d4a73c467b7a02895bf625ee9361829175bf89c121a3e630,1372
- completed:
    hackage: liquidhaskell-0.8.6.2@sha256:34cae57f2921ac3c6a87197563990033d2fdd3310cf04fbf90c616d39eb4bb92,11896
    pantry-tree:
      size: 56520
      sha256: 895de222c1091e36ba23554d332e3281728e2e247e9a1f57627a25d4df9441a6
  original:
    hackage: liquidhaskell-0.8.6.2@sha256:34cae57f2921ac3c6a87197563990033d2fdd3310cf04fbf90c616d39eb4bb92,11896
- completed:
    hackage: liquid-fixpoint-0.8.0.2@sha256:dc149e3967e249c9b66a56063633b15ff07c1b4add569eb0a7b4ac4864477804,7267
    pantry-tree:
      size: 56193
      sha256: 4c1c7720e0b1f8ffb763364d2654e712b7c0810a851f976de7799e751e5e0795
  original:
    hackage: liquid-fixpoint-0.8.0.2@sha256:dc149e3967e249c9b66a56063633b15ff07c1b4add569eb0a7b4ac4864477804,7267
snapshots:
- completed:
    size: 524786
    url: https://raw.githubusercontent.com/commercialhaskell/stackage-snapshots/master/lts/14/11.yaml
    sha256: 088bb91b545839510a41ae92fa5feb36779ef3529571a42bd12b9f51eb89ded3
  original: lts-14.11
